
Microsoft Visual Studio Solution File, Format Version 12.00
# Visual Studio Version 16
VisualStudioVersion = 16.0.29728.190
MinimumVisualStudioVersion = 10.0.40219.1
Project("{FAE04EC0-301F-11D3-BF4B-00C04F79EFBC}") = "Steganography.Library", "Steganography.Library\Steganography.Library.csproj", "{D5141900-AFA6-4AA4-AAE0-1304DFB11524}"
EndProject
Project("{FAE04EC0-301F-11D3-BF4B-00C04F79EFBC}") = "Steganography.Library.Test", "Steganography.Library.Test\Steganography.Library.Test.csproj", "{20FEA880-CD31-45F4-9729-23A454D19210}"
EndProject
Global
	GlobalSection(SolutionConfigurationPlatforms) = preSolution
		Debug|Any CPU = Debug|Any CPU
		Release|Any CPU = Release|Any CPU
	EndGlobalSection
	GlobalSection(ProjectConfigurationPlatforms) = postSolution
		{D5141900-AFA6-4AA4-AAE0-1304DFB11524}.Debug|Any CPU.ActiveCfg = Debug|Any CPU
		{D5141900-AFA6-4AA4-AAE0-1304DFB11524}.Debug|Any CPU.Build.0 = Debug|Any CPU
		{D5141900-AFA6-4AA4-AAE0-1304DFB11524}.Release|Any CPU.ActiveCfg = Release|Any CPU
		{D5141900-AFA6-4AA4-AAE0-1304DFB11524}.Release|Any CPU.Build.0 = Release|Any CPU
		{20FEA880-CD31-45F4-9729-23A454D19210}.Debug|Any CPU.ActiveCfg = Debug|Any CPU
		{20FEA880-CD31-45F4-9729-23A454D19210}.Debug|Any CPU.Build.0 = Debug|Any CPU
		{20FEA880-CD31-45F4-9729-23A454D19210}.Release|Any CPU.ActiveCfg = Release|Any CPU
		{20FEA880-CD31-45F4-9729-23A454D19210}.Release|Any CPU.Build.0 = Release|Any CPU
	EndGlobalSection
	GlobalSection(SolutionProperties) = preSolution
		HideSolutionNode = FALSE
	EndGlobalSection
	GlobalSection(ExtensibilityGlobals) = postSolution
		SolutionGuid = {CE24EBA2-3E09-492E-98F2-365C3ED0D9BF}
	EndGlobalSection
EndGlobal
